
Microsoft Visual Studio Solution File, Format Version 12.00
# Visual Studio 15
VisualStudioVersion = 15.0.27703.2026
MinimumVisualStudioVersion = 10.0.40219.1
Project("{FAE04EC0-301F-11D3-BF4B-00C04F79EFBC}") = "teamAxceligent", "teamAxceligent\teamAxceligent.csproj", "{A852DE88-8F2B-4352-B327-06115755EE71}"
EndProject
Global
	GlobalSection(SolutionConfigurationPlatforms) = preSolution
		Debug|Any CPU = Debug|Any CPU
		Release|Any CPU = Release|Any CPU
	EndGlobalSection
	GlobalSection(ProjectConfigurationPlatforms) = postSolution
		{A852DE88-8F2B-4352-B327-06115755EE71}.Debug|Any CPU.ActiveCfg = Debug|Any CPU
		{A852DE88-8F2B-4352-B327-06115755EE71}.Debug|Any CPU.Build.0 = Debug|Any CPU
		{A852DE88-8F2B-4352-B327-06115755EE71}.Release|Any CPU.ActiveCfg = Release|Any CPU
		{A852DE88-8F2B-4352-B327-06115755EE71}.Release|Any CPU.Build.0 = Release|Any CPU
	EndGlobalSection
	GlobalSection(SolutionProperties) = preSolution
		HideSolutionNode = FALSE
	EndGlobalSection
	GlobalSection(ExtensibilityGlobals) = postSolution
		SolutionGuid = {D34F357E-6778-40C9-8508-12129E8940B1}
	EndGlobalSection
EndGlobal
